
Microsoft Visual Studio Solution File, Format Version 12.00
# Visual Studio Version 16
VisualStudioVersion = 16.0.29418.71
MinimumVisualStudioVersion = 10.0.40219.1
Project("{FAE04EC0-301F-11D3-BF4B-00C04F79EFBC}") = "Logbert", "Logbert\Logbert.csproj", "{EE81C506-55E4-417E-B1D6-09453F89C7CD}"
EndProject
Global
	GlobalSection(SolutionConfigurationPlatforms) = preSolution
		Debug|Any CPU = Debug|Any CPU
		Release|Any CPU = Release|Any CPU
	EndGlobalSection
	GlobalSection(ProjectConfigurationPlatforms) = postSolution
		{EE81C506-55E4-417E-B1D6-09453F89C7CD}.Debug|Any CPU.ActiveCfg = Debug|AnyCPU
		{EE81C506-55E4-417E-B1D6-09453F89C7CD}.Debug|Any CPU.Build.0 = Debug|AnyCPU
		{EE81C506-55E4-417E-B1D6-09453F89C7CD}.Release|Any CPU.ActiveCfg = Release|AnyCPU
		{EE81C506-55E4-417E-B1D6-09453F89C7CD}.Release|Any CPU.Build.0 = Release|AnyCPU
	EndGlobalSection
	GlobalSection(SolutionProperties) = preSolution
		HideSolutionNode = FALSE
	EndGlobalSection
	GlobalSection(ExtensibilityGlobals) = postSolution
		SolutionGuid = {C17846E6-AD94-462A-87DE-C461EB49FC37}
	EndGlobalSection
EndGlobal
